// !$*UTF8*$!
{
	archiveVersion = 1;
	classes = {
	};
	objectVersion = 46;
	objects = {

/* Begin PBXBuildFile section */
		6C0EAD5F160AE8580053A7AC /* PictureTableViewHeader.m in Sources */ = {isa = PBXBuildFile; fileRef = 6C0EAD5E160AE8580053A7AC /* PictureTableViewHeader.m */; };
		6C1B5C38160A6EEC0026BB88 /* User.m in Sources */ = {isa = PBXBuildFile; fileRef = 6C1B5C37160A6EEC0026BB88 /* User.m */; };
		6C1B5C3B160A6EEC0026BB88 /* Image.m in Sources */ = {isa = PBXBuildFile; fileRef = 6C1B5C3A160A6EEC0026BB88 /* Image.m */; };
		6C1C4380160A937A00C1FBA0 /* Picture.m in Sources */ = {isa = PBXBuildFile; fileRef = 6C1C437F160A937A00C1FBA0 /* Picture.m */; };
		6C1C43A9160AE6D600C1FBA0 /* AppDelegate.m in Sources */ = {isa = PBXBuildFile; fileRef = 6C1C43A8160AE6D600C1FBA0 /* AppDelegate.m */; };
		6C1C43AF160AE70500C1FBA0 /* AFIncrementalStore.m in Sources */ = {isa = PBXBuildFile; fileRef = 6C1C43AC160AE70500C1FBA0 /* AFIncrementalStore.m */; };
		6C1C43B0160AE70500C1FBA0 /* AFRESTClient.m in Sources */ = {isa = PBXBuildFile; fileRef = 6C1C43AE160AE70500C1FBA0 /* AFRESTClient.m */; };
		6C1C43C7160AE71200C1FBA0 /* AFHTTPClient.m in Sources */ = {isa = PBXBuildFile; fileRef = 6C1C43B3160AE71200C1FBA0 /* AFHTTPClient.m */; settings = {COMPILER_FLAGS = "-fno-objc-arc"; }; };
		6C1C43C8160AE71200C1FBA0 /* AFHTTPRequestOperation.m in Sources */ = {isa = PBXBuildFile; fileRef = 6C1C43B5160AE71200C1FBA0 /* AFHTTPRequestOperation.m */; settings = {COMPILER_FLAGS = "-fno-objc-arc"; }; };
		6C1C43C9160AE71200C1FBA0 /* AFImageRequestOperation.m in Sources */ = {isa = PBXBuildFile; fileRef = 6C1C43B7160AE71200C1FBA0 /* AFImageRequestOperation.m */; settings = {COMPILER_FLAGS = "-fno-objc-arc"; }; };
		6C1C43CA160AE71200C1FBA0 /* AFJSONRequestOperation.m in Sources */ = {isa = PBXBuildFile; fileRef = 6C1C43B9160AE71200C1FBA0 /* AFJSONRequestOperation.m */; settings = {COMPILER_FLAGS = "-fno-objc-arc"; }; };
		6C1C43CB160AE71200C1FBA0 /* AFJSONUtilities.m in Sources */ = {isa = PBXBuildFile; fileRef = 6C1C43BB160AE71200C1FBA0 /* AFJSONUtilities.m */; settings = {COMPILER_FLAGS = "-fno-objc-arc"; }; };
		6C1C43CC160AE71200C1FBA0 /* AFNetworkActivityIndicatorManager.m in Sources */ = {isa = PBXBuildFile; fileRef = 6C1C43BD160AE71200C1FBA0 /* AFNetworkActivityIndicatorManager.m */; settings = {COMPILER_FLAGS = "-fno-objc-arc"; }; };
		6C1C43CD160AE71200C1FBA0 /* AFPropertyListRequestOperation.m in Sources */ = {isa = PBXBuildFile; fileRef = 6C1C43C0160AE71200C1FBA0 /* AFPropertyListRequestOperation.m */; settings = {COMPILER_FLAGS = "-fno-objc-arc"; }; };
		6C1C43CE160AE71200C1FBA0 /* AFURLConnectionOperation.m in Sources */ = {isa = PBXBuildFile; fileRef = 6C1C43C2160AE71200C1FBA0 /* AFURLConnectionOperation.m */; settings = {COMPILER_FLAGS = "-fno-objc-arc"; }; };
		6C1C43CF160AE71200C1FBA0 /* AFXMLRequestOperation.m in Sources */ = {isa = PBXBuildFile; fileRef = 6C1C43C4160AE71200C1FBA0 /* AFXMLRequestOperation.m */; settings = {COMPILER_FLAGS = "-fno-objc-arc"; }; };
		6C1C43D0160AE71200C1FBA0 /* UIImageView+AFNetworking.m in Sources */ = {isa = PBXBuildFile; fileRef = 6C1C43C6160AE71200C1FBA0 /* UIImageView+AFNetworking.m */; settings = {COMPILER_FLAGS = "-fno-objc-arc"; }; };
		6C1C43F1160AE7B600C1FBA0 /* UIColor+Hex.m in Sources */ = {isa = PBXBuildFile; fileRef = 6C1C43EA160AE7B600C1FBA0 /* UIColor+Hex.m */; };
		6C1C43F2160AE7B600C1FBA0 /* UIColor+Three20.m in Sources */ = {isa = PBXBuildFile; fileRef = 6C1C43EC160AE7B600C1FBA0 /* UIColor+Three20.m */; };
		6C1C43F3160AE7B600C1FBA0 /* UIView+Instagram.m in Sources */ = {isa = PBXBuildFile; fileRef = 6C1C43EE160AE7B600C1FBA0 /* UIView+Instagram.m */; };
		6C1C43F4160AE7B600C1FBA0 /* UIView+Layout.m in Sources */ = {isa = PBXBuildFile; fileRef = 6C1C43F0160AE7B600C1FBA0 /* UIView+Layout.m */; };
		E6A68D5E15E52A05007D57E9 /* AEManagedObjectMapping.m in Sources */ = {isa = PBXBuildFile; fileRef = E6A68D5D15E52A05007D57E9 /* AEManagedObjectMapping.m */; };
		E6A68D7015E53B7D007D57E9 /* InstagramPopularRequestMapping.m in Sources */ = {isa = PBXBuildFile; fileRef = E6A68D6F15E53B7C007D57E9 /* InstagramPopularRequestMapping.m */; };
		E6C2080E15E56FE100243D5D /* CoreLocation.framework in Frameworks */ = {isa = PBXBuildFile; fileRef = E6C2080C15E56FD700243D5D /* CoreLocation.framework */; };
		F87CD18E15DAB2B200E4C166 /* PictureTableViewCell.m in Sources */ = {isa = PBXBuildFile; fileRef = F87CD18D15DAB2B200E4C166 /* PictureTableViewCell.m */; };
		F87CD19215DAB45100E4C166 /* profile-image-placeholder.png in Resources */ = {isa = PBXBuildFile; fileRef = F87CD19015DAB45100E4C166 /* profile-image-placeholder.png */; };
		F87CD19315DAB45100E4C166 /* profile-image-placeholder@2x.png in Resources */ = {isa = PBXBuildFile; fileRef = F87CD19115DAB45100E4C166 /* profile-image-placeholder@2x.png */; };
		F8874F1615B08B770048680F /* PublicTimelineViewController.m in Sources */ = {isa = PBXBuildFile; fileRef = F8874F0915B08B770048680F /* PublicTimelineViewController.m */; };
		F8874F1915B08B770048680F /* InstagramAPIClient.m in Sources */ = {isa = PBXBuildFile; fileRef = F8874F0C15B08B770048680F /* InstagramAPIClient.m */; };
		F8874F1A15B08B770048680F /* InstagramIncrementalStore.m in Sources */ = {isa = PBXBuildFile; fileRef = F8874F0D15B08B770048680F /* InstagramIncrementalStore.m */; };
		F8874F1F15B08C2A0048680F /* main.m in Sources */ = {isa = PBXBuildFile; fileRef = F8874F1E15B08C2A0048680F /* main.m */; };
		F8AFAFB215AB4F28003FE5BB /* UIKit.framework in Frameworks */ = {isa = PBXBuildFile; fileRef = F8AFAFB115AB4F28003FE5BB /* UIKit.framework */; };
		F8AFAFB415AB4F28003FE5BB /* Foundation.framework in Frameworks */ = {isa = PBXBuildFile; fileRef = F8AFAFB315AB4F28003FE5BB /* Foundation.framework */; };
		F8AFAFB615AB4F28003FE5BB /* CoreGraphics.framework in Frameworks */ = {isa = PBXBuildFile; fileRef = F8AFAFB515AB4F28003FE5BB /* CoreGraphics.framework */; };
		F8AFAFB815AB4F28003FE5BB /* CoreData.framework in Frameworks */ = {isa = PBXBuildFile; fileRef = F8AFAFB715AB4F28003FE5BB /* CoreData.framework */; };
/* End PBXBuildFile section */

/* Begin PBXFileReference section */
		6C0EAD5D160AE8580053A7AC /* PictureTableViewHeader.h */ = {isa = PBXFileReference; fileEncoding = 4; lastKnownFileType = sourcecode.c.h; path = PictureTableViewHeader.h; sourceTree = "<group>"; };
		6C0EAD5E160AE8580053A7AC /* PictureTableViewHeader.m */ = {isa = PBXFileReference; fileEncoding = 4; lastKnownFileType = sourcecode.c.objc; path = PictureTableViewHeader.m; sourceTree = "<group>"; };
		6C1B5C15160A3E900026BB88 /* Instagram.xcdatamodel */ = {isa = PBXFileReference; lastKnownFileType = wrapper.xcdatamodel; path = Instagram.xcdatamodel; sourceTree = "<group>"; };
		6C1B5C1C160A555F0026BB88 /* PictureTableViewCell.h */ = {isa = PBXFileReference; fileEncoding = 4; lastKnownFileType = sourcecode.c.h; name = PictureTableViewCell.h; path = Classes/PictureTableViewCell.h; sourceTree = SOURCE_ROOT; };
		6C1B5C36160A6EEB0026BB88 /* User.h */ = {isa = PBXFileReference; fileEncoding = 4; lastKnownFileType = sourcecode.c.h; name = User.h; path = modelFiles/User.h; sourceTree = SOURCE_ROOT; };
		6C1B5C37160A6EEC0026BB88 /* User.m */ = {isa = PBXFileReference; fileEncoding = 4; lastKnownFileType = sourcecode.c.objc; name = User.m; path = modelFiles/User.m; sourceTree = SOURCE_ROOT; };
		6C1B5C39160A6EEC0026BB88 /* Image.h */ = {isa = PBXFileReference; fileEncoding = 4; lastKnownFileType = sourcecode.c.h; name = Image.h; path = modelFiles/Image.h; sourceTree = SOURCE_ROOT; };
		6C1B5C3A160A6EEC0026BB88 /* Image.m */ = {isa = PBXFileReference; fileEncoding = 4; lastKnownFileType = sourcecode.c.objc; name = Image.m; path = modelFiles/Image.m; sourceTree = SOURCE_ROOT; };
		6C1C437E160A937A00C1FBA0 /* Picture.h */ = {isa = PBXFileReference; fileEncoding = 4; lastKnownFileType = sourcecode.c.h; name = Picture.h; path = modelFiles/Picture.h; sourceTree = SOURCE_ROOT; };
		6C1C437F160A937A00C1FBA0 /* Picture.m */ = {isa = PBXFileReference; fileEncoding = 4; lastKnownFileType = sourcecode.c.objc; name = Picture.m; path = modelFiles/Picture.m; sourceTree = SOURCE_ROOT; };
		6C1C43A7160AE6D600C1FBA0 /* AppDelegate.h */ = {isa = PBXFileReference; fileEncoding = 4; lastKnownFileType = sourcecode.c.h; path = AppDelegate.h; sourceTree = "<group>"; };
		6C1C43A8160AE6D600C1FBA0 /* AppDelegate.m */ = {isa = PBXFileReference; fileEncoding = 4; lastKnownFileType = sourcecode.c.objc; path = AppDelegate.m; sourceTree = "<group>"; };
		6C1C43AB160AE70500C1FBA0 /* AFIncrementalStore.h */ = {isa = PBXFileReference; fileEncoding = 4; lastKnownFileType = sourcecode.c.h; path = AFIncrementalStore.h; sourceTree = "<group>"; };
		6C1C43AC160AE70500C1FBA0 /* AFIncrementalStore.m */ = {isa = PBXFileReference; fileEncoding = 4; lastKnownFileType = sourcecode.c.objc; path = AFIncrementalStore.m; sourceTree = "<group>"; };
		6C1C43AD160AE70500C1FBA0 /* AFRESTClient.h */ = {isa = PBXFileReference; fileEncoding = 4; lastKnownFileType = sourcecode.c.h; path = AFRESTClient.h; sourceTree = "<group>"; };
		6C1C43AE160AE70500C1FBA0 /* AFRESTClient.m */ = {isa = PBXFileReference; fileEncoding = 4; lastKnownFileType = sourcecode.c.objc; path = AFRESTClient.m; sourceTree = "<group>"; };
		6C1C43B2160AE71200C1FBA0 /* AFHTTPClient.h */ = {isa = PBXFileReference; fileEncoding = 4; lastKnownFileType = sourcecode.c.h; path = AFHTTPClient.h; sourceTree = "<group>"; };
		6C1C43B3160AE71200C1FBA0 /* AFHTTPClient.m */ = {isa = PBXFileReference; fileEncoding = 4; lastKnownFileType = sourcecode.c.objc; path = AFHTTPClient.m; sourceTree = "<group>"; };
		6C1C43B4160AE71200C1FBA0 /* AFHTTPRequestOperation.h */ = {isa = PBXFileReference; fileEncoding = 4; lastKnownFileType = sourcecode.c.h; path = AFHTTPRequestOperation.h; sourceTree = "<group>"; };
		6C1C43B5160AE71200C1FBA0 /* AFHTTPRequestOperation.m */ = {isa = PBXFileReference; fileEncoding = 4; lastKnownFileType = sourcecode.c.objc; path = AFHTTPRequestOperation.m; sourceTree = "<group>"; };
		6C1C43B6160AE71200C1FBA0 /* AFImageRequestOperation.h */ = {isa = PBXFileReference; fileEncoding = 4; lastKnownFileType = sourcecode.c.h; path = AFImageRequestOperation.h; sourceTree = "<group>"; };
		6C1C43B7160AE71200C1FBA0 /* AFImageRequestOperation.m */ = {isa = PBXFileReference; fileEncoding = 4; lastKnownFileType = sourcecode.c.objc; path = AFImageRequestOperation.m; sourceTree = "<group>"; };
		6C1C43B8160AE71200C1FBA0 /* AFJSONRequestOperation.h */ = {isa = PBXFileReference; fileEncoding = 4; lastKnownFileType = sourcecode.c.h; path = AFJSONRequestOperation.h; sourceTree = "<group>"; };
		6C1C43B9160AE71200C1FBA0 /* AFJSONRequestOperation.m */ = {isa = PBXFileReference; fileEncoding = 4; lastKnownFileType = sourcecode.c.objc; path = AFJSONRequestOperation.m; sourceTree = "<group>"; };
		6C1C43BA160AE71200C1FBA0 /* AFJSONUtilities.h */ = {isa = PBXFileReference; fileEncoding = 4; lastKnownFileType = sourcecode.c.h; path = AFJSONUtilities.h; sourceTree = "<group>"; };
		6C1C43BB160AE71200C1FBA0 /* AFJSONUtilities.m */ = {isa = PBXFileReference; fileEncoding = 4; lastKnownFileType = sourcecode.c.objc; path = AFJSONUtilities.m; sourceTree = "<group>"; };
		6C1C43BC160AE71200C1FBA0 /* AFNetworkActivityIndicatorManager.h */ = {isa = PBXFileReference; fileEncoding = 4; lastKnownFileType = sourcecode.c.h; path = AFNetworkActivityIndicatorManager.h; sourceTree = "<group>"; };
		6C1C43BD160AE71200C1FBA0 /* AFNetworkActivityIndicatorManager.m */ = {isa = PBXFileReference; fileEncoding = 4; lastKnownFileType = sourcecode.c.objc; path = AFNetworkActivityIndicatorManager.m; sourceTree = "<group>"; };
		6C1C43BE160AE71200C1FBA0 /* AFNetworking.h */ = {isa = PBXFileReference; fileEncoding = 4; lastKnownFileType = sourcecode.c.h; path = AFNetworking.h; sourceTree = "<group>"; };
		6C1C43BF160AE71200C1FBA0 /* AFPropertyListRequestOperation.h */ = {isa = PBXFileReference; fileEncoding = 4; lastKnownFileType = sourcecode.c.h; path = AFPropertyListRequestOperation.h; sourceTree = "<group>"; };
		6C1C43C0160AE71200C1FBA0 /* AFPropertyListRequestOperation.m */ = {isa = PBXFileReference; fileEncoding = 4; lastKnownFileType = sourcecode.c.objc; path = AFPropertyListRequestOperation.m; sourceTree = "<group>"; };
		6C1C43C1160AE71200C1FBA0 /* AFURLConnectionOperation.h */ = {isa = PBXFileReference; fileEncoding = 4; lastKnownFileType = sourcecode.c.h; path = AFURLConnectionOperation.h; sourceTree = "<group>"; };
		6C1C43C2160AE71200C1FBA0 /* AFURLConnectionOperation.m */ = {isa = PBXFileReference; fileEncoding = 4; lastKnownFileType = sourcecode.c.objc; path = AFURLConnectionOperation.m; sourceTree = "<group>"; };
		6C1C43C3160AE71200C1FBA0 /* AFXMLRequestOperation.h */ = {isa = PBXFileReference; fileEncoding = 4; lastKnownFileType = sourcecode.c.h; path = AFXMLRequestOperation.h; sourceTree = "<group>"; };
		6C1C43C4160AE71200C1FBA0 /* AFXMLRequestOperation.m */ = {isa = PBXFileReference; fileEncoding = 4; lastKnownFileType = sourcecode.c.objc; path = AFXMLRequestOperation.m; sourceTree = "<group>"; };
		6C1C43C5160AE71200C1FBA0 /* UIImageView+AFNetworking.h */ = {isa = PBXFileReference; fileEncoding = 4; lastKnownFileType = sourcecode.c.h; path = "UIImageView+AFNetworking.h"; sourceTree = "<group>"; };
		6C1C43C6160AE71200C1FBA0 /* UIImageView+AFNetworking.m */ = {isa = PBXFileReference; fileEncoding = 4; lastKnownFileType = sourcecode.c.objc; path = "UIImageView+AFNetworking.m"; sourceTree = "<group>"; };
		6C1C43EA160AE7B600C1FBA0 /* UIColor+Hex.m */ = {isa = PBXFileReference; fileEncoding = 4; lastKnownFileType = sourcecode.c.objc; path = "UIColor+Hex.m"; sourceTree = "<group>"; };
		6C1C43EB160AE7B600C1FBA0 /* UIColor+Three20.h */ = {isa = PBXFileReference; fileEncoding = 4; lastKnownFileType = sourcecode.c.h; path = "UIColor+Three20.h"; sourceTree = "<group>"; };
		6C1C43EC160AE7B600C1FBA0 /* UIColor+Three20.m */ = {isa = PBXFileReference; fileEncoding = 4; lastKnownFileType = sourcecode.c.objc; path = "UIColor+Three20.m"; sourceTree = "<group>"; };
		6C1C43ED160AE7B600C1FBA0 /* UIView+Instagram.h */ = {isa = PBXFileReference; fileEncoding = 4; lastKnownFileType = sourcecode.c.h; path = "UIView+Instagram.h"; sourceTree = "<group>"; };
		6C1C43EE160AE7B600C1FBA0 /* UIView+Instagram.m */ = {isa = PBXFileReference; fileEncoding = 4; lastKnownFileType = sourcecode.c.objc; path = "UIView+Instagram.m"; sourceTree = "<group>"; };
		6C1C43EF160AE7B600C1FBA0 /* UIView+Layout.h */ = {isa = PBXFileReference; fileEncoding = 4; lastKnownFileType = sourcecode.c.h; path = "UIView+Layout.h"; sourceTree = "<group>"; };
		6C1C43F0160AE7B600C1FBA0 /* UIView+Layout.m */ = {isa = PBXFileReference; fileEncoding = 4; lastKnownFileType = sourcecode.c.objc; path = "UIView+Layout.m"; sourceTree = "<group>"; };
		6C8B0EA2160AE7EC00372F11 /* UIColor+Hex.h */ = {isa = PBXFileReference; lastKnownFileType = sourcecode.c.h; path = "UIColor+Hex.h"; sourceTree = "<group>"; };
		E6A68D5C15E52A05007D57E9 /* AEManagedObjectMapping.h */ = {isa = PBXFileReference; fileEncoding = 4; lastKnownFileType = sourcecode.c.h; name = AEManagedObjectMapping.h; path = Classes/AEManagedObjectMapping.h; sourceTree = SOURCE_ROOT; };
		E6A68D5D15E52A05007D57E9 /* AEManagedObjectMapping.m */ = {isa = PBXFileReference; fileEncoding = 4; lastKnownFileType = sourcecode.c.objc; lineEnding = 0; name = AEManagedObjectMapping.m; path = Classes/AEManagedObjectMapping.m; sourceTree = SOURCE_ROOT; xcLanguageSpecificationIdentifier = xcode.lang.objc; };
		E6A68D6E15E53B7C007D57E9 /* InstagramPopularRequestMapping.h */ = {isa = PBXFileReference; fileEncoding = 4; lastKnownFileType = sourcecode.c.h; lineEnding = 0; name = InstagramPopularRequestMapping.h; path = Classes/InstagramPopularRequestMapping.h; sourceTree = SOURCE_ROOT; xcLanguageSpecificationIdentifier = xcode.lang.objcpp; };
		E6A68D6F15E53B7C007D57E9 /* InstagramPopularRequestMapping.m */ = {isa = PBXFileReference; fileEncoding = 4; lastKnownFileType = sourcecode.c.objc; lineEnding = 0; name = InstagramPopularRequestMapping.m; path = Classes/InstagramPopularRequestMapping.m; sourceTree = SOURCE_ROOT; xcLanguageSpecificationIdentifier = xcode.lang.objc; };
		E6C2080C15E56FD700243D5D /* CoreLocation.framework */ = {isa = PBXFileReference; lastKnownFileType = wrapper.framework; name = CoreLocation.framework; path = System/Library/Frameworks/CoreLocation.framework; sourceTree = SDKROOT; };
		F87CD18D15DAB2B200E4C166 /* PictureTableViewCell.m */ = {isa = PBXFileReference; fileEncoding = 4; lastKnownFileType = sourcecode.c.objc; name = PictureTableViewCell.m; path = Classes/PictureTableViewCell.m; sourceTree = SOURCE_ROOT; };
		F87CD19015DAB45100E4C166 /* profile-image-placeholder.png */ = {isa = PBXFileReference; lastKnownFileType = image.png; path = "profile-image-placeholder.png"; sourceTree = "<group>"; };
		F87CD19115DAB45100E4C166 /* profile-image-placeholder@2x.png */ = {isa = PBXFileReference; lastKnownFileType = image.png; path = "profile-image-placeholder@2x.png"; sourceTree = "<group>"; };
		F8874E7515B08AD30048680F /* Prefix.pch */ = {isa = PBXFileReference; lastKnownFileType = sourcecode.c.h; path = Prefix.pch; sourceTree = SOURCE_ROOT; };
		F8874E7615B08ADB0048680F /* Info.plist */ = {isa = PBXFileReference; fileEncoding = 4; lastKnownFileType = text.plist.xml; path = Info.plist; sourceTree = SOURCE_ROOT; };
		F8874F0915B08B770048680F /* PublicTimelineViewController.m */ = {isa = PBXFileReference; fileEncoding = 4; lastKnownFileType = sourcecode.c.objc; name = PublicTimelineViewController.m; path = Classes/PublicTimelineViewController.m; sourceTree = SOURCE_ROOT; };
		F8874F0C15B08B770048680F /* InstagramAPIClient.m */ = {isa = PBXFileReference; fileEncoding = 4; lastKnownFileType = sourcecode.c.objc; lineEnding = 0; name = InstagramAPIClient.m; path = Classes/InstagramAPIClient.m; sourceTree = SOURCE_ROOT; xcLanguageSpecificationIdentifier = xcode.lang.objc; };
		F8874F0D15B08B770048680F /* InstagramIncrementalStore.m */ = {isa = PBXFileReference; fileEncoding = 4; lastKnownFileType = sourcecode.c.objc; name = InstagramIncrementalStore.m; path = Classes/InstagramIncrementalStore.m; sourceTree = SOURCE_ROOT; };
		F8874F1015B08B770048680F /* PublicTimelineViewController.h */ = {isa = PBXFileReference; fileEncoding = 4; lastKnownFileType = sourcecode.c.h; name = PublicTimelineViewController.h; path = Classes/PublicTimelineViewController.h; sourceTree = SOURCE_ROOT; };
		F8874F1215B08B770048680F /* InstagramAPIClient.h */ = {isa = PBXFileReference; fileEncoding = 4; lastKnownFileType = sourcecode.c.h; lineEnding = 0; name = InstagramAPIClient.h; path = Classes/InstagramAPIClient.h; sourceTree = SOURCE_ROOT; xcLanguageSpecificationIdentifier = xcode.lang.objcpp; };
		F8874F1315B08B770048680F /* InstagramIncrementalStore.h */ = {isa = PBXFileReference; fileEncoding = 4; lastKnownFileType = sourcecode.c.h; name = InstagramIncrementalStore.h; path = Classes/InstagramIncrementalStore.h; sourceTree = SOURCE_ROOT; };
		F8874F1E15B08C2A0048680F /* main.m */ = {isa = PBXFileReference; fileEncoding = 4; lastKnownFileType = sourcecode.c.objc; path = main.m; sourceTree = SOURCE_ROOT; };
		F8AFAFAD15AB4F28003FE5BB /* Instagram.app */ = {isa = PBXFileReference; explicitFileType = wrapper.application; includeInIndex = 0; path = Instagram.app; sourceTree = BUILT_PRODUCTS_DIR; };
		F8AFAFB115AB4F28003FE5BB /* UIKit.framework */ = {isa = PBXFileReference; lastKnownFileType = wrapper.framework; name = UIKit.framework; path = System/Library/Frameworks/UIKit.framework; sourceTree = SDKROOT; };
		F8AFAFB315AB4F28003FE5BB /* Foundation.framework */ = {isa = PBXFileReference; lastKnownFileType = wrapper.framework; name = Foundation.framework; path = System/Library/Frameworks/Foundation.framework; sourceTree = SDKROOT; };
		F8AFAFB515AB4F28003FE5BB /* CoreGraphics.framework */ = {isa = PBXFileReference; lastKnownFileType = wrapper.framework; name = CoreGraphics.framework; path = System/Library/Frameworks/CoreGraphics.framework; sourceTree = SDKROOT; };
		F8AFAFB715AB4F28003FE5BB /* CoreData.framework */ = {isa = PBXFileReference; lastKnownFileType = wrapper.framework; name = CoreData.framework; path = System/Library/Frameworks/CoreData.framework; sourceTree = SDKROOT; };
/* End PBXFileReference section */

/* Begin PBXFrameworksBuildPhase section */
		F8AFAFAA15AB4F28003FE5BB /* Frameworks */ = {
			isa = PBXFrameworksBuildPhase;
			buildActionMask = 2147483647;
			files = (
				E6C2080E15E56FE100243D5D /* CoreLocation.framework in Frameworks */,
				F8AFAFB215AB4F28003FE5BB /* UIKit.framework in Frameworks */,
				F8AFAFB415AB4F28003FE5BB /* Foundation.framework in Frameworks */,
				F8AFAFB615AB4F28003FE5BB /* CoreGraphics.framework in Frameworks */,
				F8AFAFB815AB4F28003FE5BB /* CoreData.framework in Frameworks */,
			);
			runOnlyForDeploymentPostprocessing = 0;
		};
/* End PBXFrameworksBuildPhase section */

/* Begin PBXGroup section */
		6C1B5BD9160A376E0026BB88 /* dependencies */ = {
			isa = PBXGroup;
			children = (
				6C1C43B1160AE71200C1FBA0 /* AFNetworking */,
				6C1C43AA160AE70500C1FBA0 /* AFIncrementalStore */,
			);
			name = dependencies;
			sourceTree = "<group>";
		};
		6C1C43AA160AE70500C1FBA0 /* AFIncrementalStore */ = {
			isa = PBXGroup;
			children = (
				6C1C43AB160AE70500C1FBA0 /* AFIncrementalStore.h */,
				6C1C43AC160AE70500C1FBA0 /* AFIncrementalStore.m */,
				6C1C43AD160AE70500C1FBA0 /* AFRESTClient.h */,
				6C1C43AE160AE70500C1FBA0 /* AFRESTClient.m */,
			);
			name = AFIncrementalStore;
			path = Lib/AFIncrementalStore/AFIncrementalStore;
			sourceTree = "<group>";
		};
		6C1C43B1160AE71200C1FBA0 /* AFNetworking */ = {
			isa = PBXGroup;
			children = (
				6C1C43B2160AE71200C1FBA0 /* AFHTTPClient.h */,
				6C1C43B3160AE71200C1FBA0 /* AFHTTPClient.m */,
				6C1C43B4160AE71200C1FBA0 /* AFHTTPRequestOperation.h */,
				6C1C43B5160AE71200C1FBA0 /* AFHTTPRequestOperation.m */,
				6C1C43B6160AE71200C1FBA0 /* AFImageRequestOperation.h */,
				6C1C43B7160AE71200C1FBA0 /* AFImageRequestOperation.m */,
				6C1C43B8160AE71200C1FBA0 /* AFJSONRequestOperation.h */,
				6C1C43B9160AE71200C1FBA0 /* AFJSONRequestOperation.m */,
				6C1C43BA160AE71200C1FBA0 /* AFJSONUtilities.h */,
				6C1C43BB160AE71200C1FBA0 /* AFJSONUtilities.m */,
				6C1C43BC160AE71200C1FBA0 /* AFNetworkActivityIndicatorManager.h */,
				6C1C43BD160AE71200C1FBA0 /* AFNetworkActivityIndicatorManager.m */,
				6C1C43BE160AE71200C1FBA0 /* AFNetworking.h */,
				6C1C43BF160AE71200C1FBA0 /* AFPropertyListRequestOperation.h */,
				6C1C43C0160AE71200C1FBA0 /* AFPropertyListRequestOperation.m */,
				6C1C43C1160AE71200C1FBA0 /* AFURLConnectionOperation.h */,
				6C1C43C2160AE71200C1FBA0 /* AFURLConnectionOperation.m */,
				6C1C43C3160AE71200C1FBA0 /* AFXMLRequestOperation.h */,
				6C1C43C4160AE71200C1FBA0 /* AFXMLRequestOperation.m */,
				6C1C43C5160AE71200C1FBA0 /* UIImageView+AFNetworking.h */,
				6C1C43C6160AE71200C1FBA0 /* UIImageView+AFNetworking.m */,
			);
			name = AFNetworking;
			path = Lib/AFIncrementalStore/AFNetworking/AFNetworking;
			sourceTree = "<group>";
		};
		E6C207FD15E56ACB00243D5D /* Client */ = {
			isa = PBXGroup;
			children = (
				E6A68D6E15E53B7C007D57E9 /* InstagramPopularRequestMapping.h */,
				E6A68D6F15E53B7C007D57E9 /* InstagramPopularRequestMapping.m */,
				F8874E5B15AF92830048680F /* Instagram Model */,
				F8874F1315B08B770048680F /* InstagramIncrementalStore.h */,
				F8874F0D15B08B770048680F /* InstagramIncrementalStore.m */,
				F8874F1215B08B770048680F /* InstagramAPIClient.h */,
				F8874F0C15B08B770048680F /* InstagramAPIClient.m */,
			);
			name = Client;
			sourceTree = "<group>";
		};
		E6C2080F15E5710500243D5D /* Additions */ = {
			isa = PBXGroup;
			children = (
				6C8B0EA2160AE7EC00372F11 /* UIColor+Hex.h */,
				6C1C43EA160AE7B600C1FBA0 /* UIColor+Hex.m */,
				6C1C43EB160AE7B600C1FBA0 /* UIColor+Three20.h */,
				6C1C43EC160AE7B600C1FBA0 /* UIColor+Three20.m */,
				6C1C43ED160AE7B600C1FBA0 /* UIView+Instagram.h */,
				6C1C43EE160AE7B600C1FBA0 /* UIView+Instagram.m */,
				6C1C43EF160AE7B600C1FBA0 /* UIView+Layout.h */,
				6C1C43F0160AE7B600C1FBA0 /* UIView+Layout.m */,
				E6A68D5C15E52A05007D57E9 /* AEManagedObjectMapping.h */,
				E6A68D5D15E52A05007D57E9 /* AEManagedObjectMapping.m */,
			);
			name = Additions;
			sourceTree = "<group>";
		};
		F87CD18A15DAB2A700E4C166 /* Views */ = {
			isa = PBXGroup;
			children = (
				6C0EAD5D160AE8580053A7AC /* PictureTableViewHeader.h */,
				6C0EAD5E160AE8580053A7AC /* PictureTableViewHeader.m */,
				6C1B5C1C160A555F0026BB88 /* PictureTableViewCell.h */,
				F87CD18D15DAB2B200E4C166 /* PictureTableViewCell.m */,
			);
			name = Views;
			sourceTree = "<group>";
		};
		F87CD18F15DAB45100E4C166 /* Images */ = {
			isa = PBXGroup;
			children = (
				F87CD19015DAB45100E4C166 /* profile-image-placeholder.png */,
				F87CD19115DAB45100E4C166 /* profile-image-placeholder@2x.png */,
			);
			path = Images;
			sourceTree = SOURCE_ROOT;
		};
		F87CD19415DAB45D00E4C166 /* Resources */ = {
			isa = PBXGroup;
			children = (
				F87CD18F15DAB45100E4C166 /* Images */,
			);
			name = Resources;
			sourceTree = "<group>";
		};
		F8874E5915AF927D0048680F /* Controllers */ = {
			isa = PBXGroup;
			children = (
				F8874F1015B08B770048680F /* PublicTimelineViewController.h */,
				F8874F0915B08B770048680F /* PublicTimelineViewController.m */,
			);
			name = Controllers;
			sourceTree = "<group>";
		};
		F8874E5B15AF92830048680F /* Instagram Model */ = {
			isa = PBXGroup;
			children = (
				6C1C437E160A937A00C1FBA0 /* Picture.h */,
				6C1C437F160A937A00C1FBA0 /* Picture.m */,
				6C1B5C39160A6EEC0026BB88 /* Image.h */,
				6C1B5C3A160A6EEC0026BB88 /* Image.m */,
				6C1B5C36160A6EEB0026BB88 /* User.h */,
				6C1B5C37160A6EEC0026BB88 /* User.m */,
			);
			name = "Instagram Model";
			path = modelFiles;
			sourceTree = "<group>";
		};
		F8AFAFA215AB4F28003FE5BB = {
			isa = PBXGroup;
			children = (
				6C1B5C14160A3E900026BB88 /* Instagram.xcdatamodeld */,
				6C1B5BD9160A376E0026BB88 /* dependencies */,
				F8AFAFB915AB4F28003FE5BB /* Instagram */,
				F87CD19415DAB45D00E4C166 /* Resources */,
				F8AFAFB015AB4F28003FE5BB /* Frameworks */,
				F8AFAFAE15AB4F28003FE5BB /* Products */,
			);
			sourceTree = "<group>";
		};
		F8AFAFAE15AB4F28003FE5BB /* Products */ = {
			isa = PBXGroup;
			children = (
				F8AFAFAD15AB4F28003FE5BB /* Instagram.app */,
			);
			name = Products;
			sourceTree = "<group>";
		};
		F8AFAFB015AB4F28003FE5BB /* Frameworks */ = {
			isa = PBXGroup;
			children = (
				E6C2080C15E56FD700243D5D /* CoreLocation.framework */,
				F8AFAFB115AB4F28003FE5BB /* UIKit.framework */,
				F8AFAFB315AB4F28003FE5BB /* Foundation.framework */,
				F8AFAFB515AB4F28003FE5BB /* CoreGraphics.framework */,
				F8AFAFB715AB4F28003FE5BB /* CoreData.framework */,
			);
			name = Frameworks;
			sourceTree = "<group>";
		};
		F8AFAFB915AB4F28003FE5BB /* Instagram */ = {
			isa = PBXGroup;
			children = (
				6C1C43A7160AE6D600C1FBA0 /* AppDelegate.h */,
				6C1C43A8160AE6D600C1FBA0 /* AppDelegate.m */,
				E6C2080F15E5710500243D5D /* Additions */,
				E6C207FD15E56ACB00243D5D /* Client */,
				F87CD18A15DAB2A700E4C166 /* Views */,
				F8874E5915AF927D0048680F /* Controllers */,
				F8AFAFBA15AB4F28003FE5BB /* Supporting Files */,
			);
			name = Instagram;
			path = Classes;
			sourceTree = "<group>";
		};
		F8AFAFBA15AB4F28003FE5BB /* Supporting Files */ = {
			isa = PBXGroup;
			children = (
				F8874E7515B08AD30048680F /* Prefix.pch */,
				F8874E7615B08ADB0048680F /* Info.plist */,
				F8874F1E15B08C2A0048680F /* main.m */,
			);
			name = "Supporting Files";
			sourceTree = "<group>";
		};
/* End PBXGroup section */

/* Begin PBXNativeTarget section */
		F8AFAFAC15AB4F28003FE5BB /* Instagram */ = {
			isa = PBXNativeTarget;
			buildConfigurationList = F8AFAFCA15AB4F28003FE5BB /* Build configuration list for PBXNativeTarget "Instagram" */;
			buildPhases = (
				F8AFAFA915AB4F28003FE5BB /* Sources */,
				F8AFAFAA15AB4F28003FE5BB /* Frameworks */,
				F8AFAFAB15AB4F28003FE5BB /* Resources */,
			);
			buildRules = (
			);
			dependencies = (
			);
			name = Instagram;
			productName = IncrementalStoreExample;
			productReference = F8AFAFAD15AB4F28003FE5BB /* Instagram.app */;
			productType = "com.apple.product-type.application";
		};
/* End PBXNativeTarget section */

/* Begin PBXProject section */
		F8AFAFA415AB4F28003FE5BB /* Project object */ = {
			isa = PBXProject;
			attributes = {
				CLASSPREFIX = AF;
				LastUpgradeCheck = 0430;
			};
			buildConfigurationList = F8AFAFA715AB4F28003FE5BB /* Build configuration list for PBXProject "Incremental Instagram Example" */;
			compatibilityVersion = "Xcode 3.2";
			developmentRegion = English;
			hasScannedForEncodings = 0;
			knownRegions = (
				en,
			);
			mainGroup = F8AFAFA215AB4F28003FE5BB;
			productRefGroup = F8AFAFAE15AB4F28003FE5BB /* Products */;
			projectDirPath = "";
			projectRoot = "";
			targets = (
				F8AFAFAC15AB4F28003FE5BB /* Instagram */,
			);
		};
/* End PBXProject section */

/* Begin PBXResourcesBuildPhase section */
		F8AFAFAB15AB4F28003FE5BB /* Resources */ = {
			isa = PBXResourcesBuildPhase;
			buildActionMask = 2147483647;
			files = (
				F87CD19215DAB45100E4C166 /* profile-image-placeholder.png in Resources */,
				F87CD19315DAB45100E4C166 /* profile-image-placeholder@2x.png in Resources */,
			);
			runOnlyForDeploymentPostprocessing = 0;
		};
/* End PBXResourcesBuildPhase section */

/* Begin PBXSourcesBuildPhase section */
		F8AFAFA915AB4F28003FE5BB /* Sources */ = {
			isa = PBXSourcesBuildPhase;
			buildActionMask = 2147483647;
			files = (
				F8874F1615B08B770048680F /* PublicTimelineViewController.m in Sources */,
				F8874F1915B08B770048680F /* InstagramAPIClient.m in Sources */,
				F8874F1A15B08B770048680F /* InstagramIncrementalStore.m in Sources */,
				F8874F1F15B08C2A0048680F /* main.m in Sources */,
				F87CD18E15DAB2B200E4C166 /* PictureTableViewCell.m in Sources */,
				E6A68D5E15E52A05007D57E9 /* AEManagedObjectMapping.m in Sources */,
				E6A68D7015E53B7D007D57E9 /* InstagramPopularRequestMapping.m in Sources */,
				6C1B5C38160A6EEC0026BB88 /* User.m in Sources */,
				6C1B5C3B160A6EEC0026BB88 /* Image.m in Sources */,
				6C1C4380160A937A00C1FBA0 /* Picture.m in Sources */,
				6C1C43A9160AE6D600C1FBA0 /* AppDelegate.m in Sources */,
				6C1C43AF160AE70500C1FBA0 /* AFIncrementalStore.m in Sources */,
				6C1C43B0160AE70500C1FBA0 /* AFRESTClient.m in Sources */,
				6C1C43C7160AE71200C1FBA0 /* AFHTTPClient.m in Sources */,
				6C1C43C8160AE71200C1FBA0 /* AFHTTPRequestOperation.m in Sources */,
				6C1C43C9160AE71200C1FBA0 /* AFImageRequestOperation.m in Sources */,
				6C1C43CA160AE71200C1FBA0 /* AFJSONRequestOperation.m in Sources */,
				6C1C43CB160AE71200C1FBA0 /* AFJSONUtilities.m in Sources */,
				6C1C43CC160AE71200C1FBA0 /* AFNetworkActivityIndicatorManager.m in Sources */,
				6C1C43CD160AE71200C1FBA0 /* AFPropertyListRequestOperation.m in Sources */,
				6C1C43CE160AE71200C1FBA0 /* AFURLConnectionOperation.m in Sources */,
				6C1C43CF160AE71200C1FBA0 /* AFXMLRequestOperation.m in Sources */,
				6C1C43D0160AE71200C1FBA0 /* UIImageView+AFNetworking.m in Sources */,
				6C1C43F1160AE7B600C1FBA0 /* UIColor+Hex.m in Sources */,
				6C1C43F2160AE7B600C1FBA0 /* UIColor+Three20.m in Sources */,
				6C1C43F3160AE7B600C1FBA0 /* UIView+Instagram.m in Sources */,
				6C1C43F4160AE7B600C1FBA0 /* UIView+Layout.m in Sources */,
				6C0EAD5F160AE8580053A7AC /* PictureTableViewHeader.m in Sources */,
			);
			runOnlyForDeploymentPostprocessing = 0;
		};
/* End PBXSourcesBuildPhase section */

/* Begin XCBuildConfiguration section */
		F8AFAFC815AB4F28003FE5BB /* Debug */ = {
			isa = XCBuildConfiguration;
			buildSettings = {
				ALWAYS_SEARCH_USER_PATHS = NO;
				ARCHS = "$(ARCHS_STANDARD_32_BIT)";
				CLANG_ENABLE_OBJC_ARC = YES;
				"CODE_SIGN_IDENTITY[sdk=iphoneos*]" = "iPhone Developer";
				COPY_PHASE_STRIP = NO;
				GCC_C_LANGUAGE_STANDARD = gnu99;
				GCC_DYNAMIC_NO_PIC = NO;
				GCC_OPTIMIZATION_LEVEL = 0;
				GCC_PREPROCESSOR_DEFINITIONS = (
					"DEBUG=1",
					"$(inherited)",
				);
				GCC_SYMBOLS_PRIVATE_EXTERN = NO;
				GCC_VERSION = com.apple.compilers.llvm.clang.1_0;
				GCC_WARN_ABOUT_RETURN_TYPE = YES;
				GCC_WARN_UNINITIALIZED_AUTOS = YES;
				GCC_WARN_UNUSED_VARIABLE = YES;
				IPHONEOS_DEPLOYMENT_TARGET = 5.1;
				SDKROOT = iphoneos;
			};
			name = Debug;
		};
		F8AFAFC915AB4F28003FE5BB /* Release */ = {
			isa = XCBuildConfiguration;
			buildSettings = {
				ALWAYS_SEARCH_USER_PATHS = NO;
				ARCHS = "$(ARCHS_STANDARD_32_BIT)";
				CLANG_ENABLE_OBJC_ARC = YES;
				"CODE_SIGN_IDENTITY[sdk=iphoneos*]" = "iPhone Developer";
				COPY_PHASE_STRIP = YES;
				GCC_C_LANGUAGE_STANDARD = gnu99;
				GCC_VERSION = com.apple.compilers.llvm.clang.1_0;
				GCC_WARN_ABOUT_RETURN_TYPE = YES;
				GCC_WARN_UNINITIALIZED_AUTOS = YES;
				GCC_WARN_UNUSED_VARIABLE = YES;
				IPHONEOS_DEPLOYMENT_TARGET = 5.1;
				OTHER_CFLAGS = "-DNS_BLOCK_ASSERTIONS=1";
				SDKROOT = iphoneos;
				VALIDATE_PRODUCT = YES;
			};
			name = Release;
		};
		F8AFAFCB15AB4F28003FE5BB /* Debug */ = {
			isa = XCBuildConfiguration;
			buildSettings = {
				GCC_PRECOMPILE_PREFIX_HEADER = YES;
				GCC_PREFIX_HEADER = Prefix.pch;
				INFOPLIST_FILE = Info.plist;
				PRODUCT_NAME = "$(TARGET_NAME)";
				WRAPPER_EXTENSION = app;
			};
			name = Debug;
		};
		F8AFAFCC15AB4F28003FE5BB /* Release */ = {
			isa = XCBuildConfiguration;
			buildSettings = {
				GCC_PRECOMPILE_PREFIX_HEADER = YES;
				GCC_PREFIX_HEADER = Prefix.pch;
				INFOPLIST_FILE = Info.plist;
				PRODUCT_NAME = "$(TARGET_NAME)";
				WRAPPER_EXTENSION = app;
			};
			name = Release;
		};
/* End XCBuildConfiguration section */

/* Begin XCConfigurationList section */
		F8AFAFA715AB4F28003FE5BB /* Build configuration list for PBXProject "Incremental Instagram Example" */ = {
			isa = XCConfigurationList;
			buildConfigurations = (
				F8AFAFC815AB4F28003FE5BB /* Debug */,
				F8AFAFC915AB4F28003FE5BB /* Release */,
			);
			defaultConfigurationIsVisible = 0;
			defaultConfigurationName = Release;
		};
		F8AFAFCA15AB4F28003FE5BB /* Build configuration list for PBXNativeTarget "Instagram" */ = {
			isa = XCConfigurationList;
			buildConfigurations = (
				F8AFAFCB15AB4F28003FE5BB /* Debug */,
				F8AFAFCC15AB4F28003FE5BB /* Release */,
			);
			defaultConfigurationIsVisible = 0;
			defaultConfigurationName = Release;
		};
/* End XCConfigurationList section */

/* Begin XCVersionGroup section */
		6C1B5C14160A3E900026BB88 /* Instagram.xcdatamodeld */ = {
			isa = XCVersionGroup;
			children = (
				6C1B5C15160A3E900026BB88 /* Instagram.xcdatamodel */,
			);
			currentVersion = 6C1B5C15160A3E900026BB88 /* Instagram.xcdatamodel */;
			path = Instagram.xcdatamodeld;
			sourceTree = "<group>";
			versionGroupType = wrapper.xcdatamodel;
		};
/* End XCVersionGroup section */
	};
	rootObject = F8AFAFA415AB4F28003FE5BB /* Project object */;
}
